
Microsoft Visual Studio Solution File, Format Version 12.00
# Visual Studio Version 17
VisualStudioVersion = 17.10.35013.160
MinimumVisualStudioVersion = 10.0.40219.1
Project("{FAE04EC0-301F-11D3-BF4B-00C04F79EFBC}") = "CSC_295_hwWeek3", "CSC_295_hwWeek3.csproj", "{63E32F6A-C375-4F3E-8BF3-27BEB5960509}"
EndProject
Global
	GlobalSection(SolutionConfigurationPlatforms) = preSolution
		Debug|Any CPU = Debug|Any CPU
		Release|Any CPU = Release|Any CPU
	EndGlobalSection
	GlobalSection(ProjectConfigurationPlatforms) = postSolution
		{63E32F6A-C375-4F3E-8BF3-27BEB5960509}.Debug|Any CPU.ActiveCfg = Debug|Any CPU
		{63E32F6A-C375-4F3E-8BF3-27BEB5960509}.Debug|Any CPU.Build.0 = Debug|Any CPU
		{63E32F6A-C375-4F3E-8BF3-27BEB5960509}.Release|Any CPU.ActiveCfg = Release|Any CPU
		{63E32F6A-C375-4F3E-8BF3-27BEB5960509}.Release|Any CPU.Build.0 = Release|Any CPU
	EndGlobalSection
	GlobalSection(SolutionProperties) = preSolution
		HideSolutionNode = FALSE
	EndGlobalSection
	GlobalSection(ExtensibilityGlobals) = postSolution
		SolutionGuid = {E95426A7-C585-4E2D-A8E0-AF1AD71CA091}
	EndGlobalSection
EndGlobal
